
Microsoft Visual Studio Solution File, Format Version 12.00
# Visual Studio Version 17
VisualStudioVersion = 17.9.34616.47
MinimumVisualStudioVersion = 10.0.40219.1
Project("{FAE04EC0-301F-11D3-BF4B-00C04F79EFBC}") = "OperasiSederhana", "OperasiSederhana.csproj", "{C7514E66-C317-4339-85DA-7C8ECDBE2865}"
EndProject
Global
	GlobalSection(SolutionConfigurationPlatforms) = preSolution
		Debug|Any CPU = Debug|Any CPU
		Release|Any CPU = Release|Any CPU
	EndGlobalSection
	GlobalSection(ProjectConfigurationPlatforms) = postSolution
		{C7514E66-C317-4339-85DA-7C8ECDBE2865}.Debug|Any CPU.ActiveCfg = Debug|Any CPU
		{C7514E66-C317-4339-85DA-7C8ECDBE2865}.Debug|Any CPU.Build.0 = Debug|Any CPU
		{C7514E66-C317-4339-85DA-7C8ECDBE2865}.Release|Any CPU.ActiveCfg = Release|Any CPU
		{C7514E66-C317-4339-85DA-7C8ECDBE2865}.Release|Any CPU.Build.0 = Release|Any CPU
	EndGlobalSection
	GlobalSection(SolutionProperties) = preSolution
		HideSolutionNode = FALSE
	EndGlobalSection
	GlobalSection(ExtensibilityGlobals) = postSolution
		SolutionGuid = {A18153AD-5FA2-4F00-A1FE-AB45CE2EE9B2}
	EndGlobalSection
EndGlobal
